<?xml version="1.0" encoding="UTF-8" standalone="yes" ?>
<CodeBlocks_project_file>
	<FileVersion major="1" minor="6" />
	<Project>
		<Option title="ds-craft" />
		<Option makefile_is_custom="1" />
		<Option pch_mode="2" />
		<Option compiler="gcc" />
		<Build>
			<Target title="build">
				<Option output="codeblocks_run" prefix_auto="0" extension_auto="0" />
				<Option object_output="build/" />
				<Option type="1" />
				<Option compiler="gcc" />
				<Compiler>
					<Add option="-O2" />
				</Compiler>
				<Linker>
					<Add option="-s" />
				</Linker>
				<MakeCommands>
					<Build command="$make -f $makefile $target DEVKITPRO=/opt/devkitpro DEVKITARM=/opt/devkitpro/devkitARM" />
					<CompileFile command="$make -f $makefile $file DEVKITPRO=/opt/devkitpro DEVKITARM=/opt/devkitpro/devkitARM" />
					<Clean command="$make -f $makefile clean DEVKITPRO=/opt/devkitpro DEVKITARM=/opt/devkitpro/devkitARM" />
					<DistClean command="$make -f $makefile distclean$target" />
					<AskRebuildNeeded command="$make -q -f $makefile $target DEVKITPRO=/opt/devkitpro DEVKITARM=/opt/devkitpro/devkitARM" />
					<SilentBuild command="$make -f $makefile $target DEVKITPRO=/opt/devkitpro DEVKITARM=/opt/devkitpro/devkitARM &gt; $(CMD_NULL)" />
				</MakeCommands>
			</Target>
			<Target title="clean">
				<Option output="ds-craft" prefix_auto="1" extension_auto="1" />
				<Option type="0" />
				<Option compiler="gcc" />
			</Target>
		</Build>
		<Compiler>
			<Add option="-Wall" />
		</Compiler>
		<Unit filename="include/animsprite.hpp" />
		<Unit filename="include/block.hpp" />
		<Unit filename="include/blockparticle.hpp" />
		<Unit filename="include/camera.h" />
		<Unit filename="include/config.h" />
		<Unit filename="include/controlsmgr.hpp" />
		<Unit filename="include/crafting.hpp" />
		<Unit filename="include/entity.hpp" />
		<Unit filename="include/facing.hpp" />
		<Unit filename="include/font.hpp" />
		<Unit filename="include/font_uvcoord.h" />
		<Unit filename="include/fs.h" />
		<Unit filename="include/game.hpp" />
		<Unit filename="include/gamever.hpp" />
		<Unit filename="include/glext.h" />
		<Unit filename="include/help.hpp" />
		<Unit filename="include/images.h" />
		<Unit filename="include/item.hpp" />
		<Unit filename="include/lang.hpp" />
		<Unit filename="include/log.h" />
		<Unit filename="include/player.hpp" />
		<Unit filename="include/random.hpp" />
		<Unit filename="include/rect.hpp" />
		<Unit filename="include/save.hpp" />
		<Unit filename="include/settingsmgr.hpp" />
		<Unit filename="include/stats.hpp" />
		<Unit filename="include/terrain.hpp" />
		<Unit filename="include/userinfo.h" />
		<Unit filename="include/util.h" />
		<Unit filename="include/worldmgr.hpp" />
		<Unit filename="source/animsprite.cpp" />
		<Unit filename="source/block.cpp" />
		<Unit filename="source/blockbase.cpp" />
		<Unit filename="source/blockgeneric.cpp" />
		<Unit filename="source/blockparticle.cpp" />
		<Unit filename="source/config.c">
			<Option compilerVar="CC" />
		</Unit>
		<Unit filename="source/controlsmgr.cpp" />
		<Unit filename="source/crafting.cpp" />
		<Unit filename="source/entity.cpp" />
		<Unit filename="source/font.cpp" />
		<Unit filename="source/fs.c">
			<Option compilerVar="CC" />
		</Unit>
		<Unit filename="source/game.cpp" />
		<Unit filename="source/gamever.cpp" />
		<Unit filename="source/glext.c">
			<Option compilerVar="CC" />
		</Unit>
		<Unit filename="source/help.cpp" />
		<Unit filename="source/item.cpp" />
		<Unit filename="source/log.c">
			<Option compilerVar="CC" />
		</Unit>
		<Unit filename="source/main.cpp" />
		<Unit filename="source/player.cpp" />
		<Unit filename="source/playercrafting.cpp" />
		<Unit filename="source/random.cpp" />
		<Unit filename="source/rect.cpp" />
		<Unit filename="source/save.cpp" />
		<Unit filename="source/settingsmgr.cpp" />
		<Unit filename="source/stats.cpp" />
		<Unit filename="source/terrain.cpp" />
		<Unit filename="source/userinfo.c">
			<Option compilerVar="CC" />
		</Unit>
		<Unit filename="source/util.c">
			<Option compilerVar="CC" />
		</Unit>
		<Unit filename="source/worldmgr.cpp" />
		<Extensions>
			<code_completion>
				<search_path add="/opt/devkitpro/devkitARM/arm-none-eabi/include" />
				<search_path add="/opt/devkitpro/libnds/include" />
			</code_completion>
			<debugger>
				<remote_debugging>
					<options conn_type="0" skip_ld_path="1" />
				</remote_debugging>
			</debugger>
		</Extensions>
	</Project>
</CodeBlocks_project_file>
