<?xml version="1.0" encoding="utf-8"?>
<Project ToolsVersion="4.0" xmlns="http://schemas.microsoft.com/developer/msbuild/2003">
  <ItemGroup>
    <Filter Include="Source Files">
      <UniqueIdentifier>{4FC737F1-C7A5-4376-A066-2A32D752A2FF}</UniqueIdentifier>
      <Extensions>cpp;c;cc;cxx;def;odl;idl;hpj;bat;asm;asmx</Extensions>
    </Filter>
    <Filter Include="Header Files">
      <UniqueIdentifier>{93995380-89BD-4b04-88EB-625FBE52EBFB}</UniqueIdentifier>
      <Extensions>h;hh;hpp;hxx;hm;inl;inc;xsd</Extensions>
    </Filter>
  </ItemGroup>
  <ItemGroup>
    <ClCompile Include="source\animsprite.cpp">
      <Filter>Source Files</Filter>
    </ClCompile>
    <ClCompile Include="source\block.cpp">
      <Filter>Source Files</Filter>
    </ClCompile>
    <ClCompile Include="source\blockbase.cpp">
      <Filter>Source Files</Filter>
    </ClCompile>
    <ClCompile Include="source\blockgeneric.cpp">
      <Filter>Source Files</Filter>
    </ClCompile>
    <ClCompile Include="source\blockparticle.cpp">
      <Filter>Source Files</Filter>
    </ClCompile>
    <ClCompile Include="source\config.c">
      <Filter>Source Files</Filter>
    </ClCompile>
    <ClCompile Include="source\controlsmgr.cpp">
      <Filter>Source Files</Filter>
    </ClCompile>
    <ClCompile Include="source\crafting.cpp">
      <Filter>Source Files</Filter>
    </ClCompile>
    <ClCompile Include="source\entity.cpp">
      <Filter>Source Files</Filter>
    </ClCompile>
    <ClCompile Include="source\font.cpp">
      <Filter>Source Files</Filter>
    </ClCompile>
    <ClCompile Include="source\fs.c">
      <Filter>Source Files</Filter>
    </ClCompile>
    <ClCompile Include="source\game.cpp">
      <Filter>Source Files</Filter>
    </ClCompile>
    <ClCompile Include="source\gamever.cpp">
      <Filter>Source Files</Filter>
    </ClCompile>
    <ClCompile Include="source\glext.c">
      <Filter>Source Files</Filter>
    </ClCompile>
    <ClCompile Include="source\help.cpp">
      <Filter>Source Files</Filter>
    </ClCompile>
    <ClCompile Include="source\item.cpp">
      <Filter>Source Files</Filter>
    </ClCompile>
    <ClCompile Include="source\log.c">
      <Filter>Source Files</Filter>
    </ClCompile>
    <ClCompile Include="source\main.cpp">
      <Filter>Source Files</Filter>
    </ClCompile>
    <ClCompile Include="source\player.cpp">
      <Filter>Source Files</Filter>
    </ClCompile>
    <ClCompile Include="source\playercrafting.cpp">
      <Filter>Source Files</Filter>
    </ClCompile>
    <ClCompile Include="source\random.cpp">
      <Filter>Source Files</Filter>
    </ClCompile>
    <ClCompile Include="source\rect.cpp">
      <Filter>Source Files</Filter>
    </ClCompile>
    <ClCompile Include="source\save.cpp">
      <Filter>Source Files</Filter>
    </ClCompile>
    <ClCompile Include="source\settingsmgr.cpp">
      <Filter>Source Files</Filter>
    </ClCompile>
    <ClCompile Include="source\stats.cpp">
      <Filter>Source Files</Filter>
    </ClCompile>
    <ClCompile Include="source\terrain.cpp">
      <Filter>Source Files</Filter>
    </ClCompile>
    <ClCompile Include="source\userinfo.c">
      <Filter>Source Files</Filter>
    </ClCompile>
    <ClCompile Include="source\util.c">
      <Filter>Source Files</Filter>
    </ClCompile>
    <ClCompile Include="source\worldmgr.cpp">
      <Filter>Source Files</Filter>
    </ClCompile>
  </ItemGroup>
  <ItemGroup>
    <ClInclude Include="include\animsprite.hpp">
      <Filter>Header Files</Filter>
    </ClInclude>
    <ClInclude Include="include\block.hpp">
      <Filter>Header Files</Filter>
    </ClInclude>
    <ClInclude Include="include\blockparticle.hpp">
      <Filter>Header Files</Filter>
    </ClInclude>
    <ClInclude Include="include\camera.h">
      <Filter>Header Files</Filter>
    </ClInclude>
    <ClInclude Include="include\config.h">
      <Filter>Header Files</Filter>
    </ClInclude>
    <ClInclude Include="include\controlsmgr.hpp">
      <Filter>Header Files</Filter>
    </ClInclude>
    <ClInclude Include="include\crafting.hpp">
      <Filter>Header Files</Filter>
    </ClInclude>
    <ClInclude Include="include\entity.hpp">
      <Filter>Header Files</Filter>
    </ClInclude>
    <ClInclude Include="include\facing.hpp">
      <Filter>Header Files</Filter>
    </ClInclude>
    <ClInclude Include="include\font.hpp">
      <Filter>Header Files</Filter>
    </ClInclude>
    <ClInclude Include="include\font_uvcoord.h">
      <Filter>Header Files</Filter>
    </ClInclude>
    <ClInclude Include="include\fs.h">
      <Filter>Header Files</Filter>
    </ClInclude>
    <ClInclude Include="include\game.hpp">
      <Filter>Header Files</Filter>
    </ClInclude>
    <ClInclude Include="include\gamever.hpp">
      <Filter>Header Files</Filter>
    </ClInclude>
    <ClInclude Include="include\glext.h">
      <Filter>Header Files</Filter>
    </ClInclude>
    <ClInclude Include="include\help.hpp">
      <Filter>Header Files</Filter>
    </ClInclude>
    <ClInclude Include="include\images.h">
      <Filter>Header Files</Filter>
    </ClInclude>
    <ClInclude Include="include\item.hpp">
      <Filter>Header Files</Filter>
    </ClInclude>
    <ClInclude Include="include\lang.hpp">
      <Filter>Header Files</Filter>
    </ClInclude>
    <ClInclude Include="include\log.h">
      <Filter>Header Files</Filter>
    </ClInclude>
    <ClInclude Include="include\player.hpp">
      <Filter>Header Files</Filter>
    </ClInclude>
    <ClInclude Include="include\random.hpp">
      <Filter>Header Files</Filter>
    </ClInclude>
    <ClInclude Include="include\rect.hpp">
      <Filter>Header Files</Filter>
    </ClInclude>
    <ClInclude Include="include\save.hpp">
      <Filter>Header Files</Filter>
    </ClInclude>
    <ClInclude Include="include\settingsmgr.hpp">
      <Filter>Header Files</Filter>
    </ClInclude>
    <ClInclude Include="include\stats.hpp">
      <Filter>Header Files</Filter>
    </ClInclude>
    <ClInclude Include="include\terrain.hpp">
      <Filter>Header Files</Filter>
    </ClInclude>
    <ClInclude Include="include\userinfo.h">
      <Filter>Header Files</Filter>
    </ClInclude>
    <ClInclude Include="include\util.h">
      <Filter>Header Files</Filter>
    </ClInclude>
    <ClInclude Include="include\worldmgr.hpp">
      <Filter>Header Files</Filter>
    </ClInclude>
  </ItemGroup>
  <ItemGroup>
    <None Include="create-release.py" />
    <None Include="genimagesh.py" />
    <None Include="Makefile" />
    <None Include="newrecipe.py" />
    <None Include="strencode.py" />
  </ItemGroup>
</Project>