<?xml version="1.0" encoding="UTF-8" standalone="yes" ?>
<CodeBlocks_project_file>
	<FileVersion major="1" minor="6" />
	<Project>
		<Option title="ds-craft" />
		<Option makefile_is_custom="1" />
		<Option pch_mode="2" />
		<Option compiler="gcc" />
		<Build>
			<Target title="build">
				<Option output="./codeblocks_run" prefix_auto="1" extension_auto="1" />
				<Option object_output="build/" />
				<Option type="1" />
				<Option compiler="gcc" />
				<Compiler>
					<Add option="-O2" />
				</Compiler>
				<Linker>
					<Add option="-s" />
				</Linker>
			</Target>
			<Target title="clean">
				<Option output="ds-craft" prefix_auto="1" extension_auto="1" />
				<Option type="0" />
				<Option compiler="gcc" />
			</Target>
		</Build>
		<Compiler>
			<Add option="-Wall" />
		</Compiler>
		<Unit filename="Makefile">
			<Option target="build" />
		</Unit>
		<Unit filename="README.md" />
		<Unit filename="audio/wood4.wav">
			<Option target="build" />
		</Unit>
		<Unit filename="gfx/block/bedrock.grit" />
		<Unit filename="gfx/block/bedrock.png" />
		<Unit filename="gfx/block/birch_leaves.grit" />
		<Unit filename="gfx/block/birch_leaves.png" />
		<Unit filename="gfx/block/birch_leaves_a.grit" />
		<Unit filename="gfx/block/birch_leaves_a.png" />
		<Unit filename="gfx/block/birch_log.grit" />
		<Unit filename="gfx/block/birch_log.png" />
		<Unit filename="gfx/block/birch_planks.grit" />
		<Unit filename="gfx/block/birch_planks.png" />
		<Unit filename="gfx/block/birch_sapling.grit" />
		<Unit filename="gfx/block/birch_sapling.png" />
		<Unit filename="gfx/block/birch_trapdoor.grit" />
		<Unit filename="gfx/block/birch_trapdoor.png" />
		<Unit filename="gfx/block/birchdoor.grit" />
		<Unit filename="gfx/block/birchdoor.png" />
		<Unit filename="gfx/block/cactus_side.grit" />
		<Unit filename="gfx/block/cactus_side.png" />
		<Unit filename="gfx/block/chest.grit" />
		<Unit filename="gfx/block/chest.png" />
		<Unit filename="gfx/block/coal_block.grit" />
		<Unit filename="gfx/block/coal_block.png" />
		<Unit filename="gfx/block/coal_ore.grit" />
		<Unit filename="gfx/block/coal_ore.png" />
		<Unit filename="gfx/block/cobblestone.grit" />
		<Unit filename="gfx/block/cobblestone.png" />
		<Unit filename="gfx/block/dandelion.grit" />
		<Unit filename="gfx/block/dandelion.png" />
		<Unit filename="gfx/block/dead_bush.grit" />
		<Unit filename="gfx/block/dead_bush.png" />
		<Unit filename="gfx/block/dirt.grit" />
		<Unit filename="gfx/block/dirt.png" />
		<Unit filename="gfx/block/door.grit" />
		<Unit filename="gfx/block/door.png" />
		<Unit filename="gfx/block/glass.grit" />
		<Unit filename="gfx/block/glass.png" />
		<Unit filename="gfx/block/grass.grit" />
		<Unit filename="gfx/block/grass.png" />
		<Unit filename="gfx/block/ladder.grit" />
		<Unit filename="gfx/block/ladder.png" />
		<Unit filename="gfx/block/oak_leaves.grit" />
		<Unit filename="gfx/block/oak_leaves.png" />
		<Unit filename="gfx/block/oak_leaves_a.grit" />
		<Unit filename="gfx/block/oak_leaves_a.png" />
		<Unit filename="gfx/block/oak_log.grit" />
		<Unit filename="gfx/block/oak_log.png" />
		<Unit filename="gfx/block/oak_sapling.grit" />
		<Unit filename="gfx/block/oak_sapling.png" />
		<Unit filename="gfx/block/oak_trapdoor.grit" />
		<Unit filename="gfx/block/oak_trapdoor.png" />
		<Unit filename="gfx/block/placeholder_chest.grit" />
		<Unit filename="gfx/block/placeholder_chest.png" />
		<Unit filename="gfx/block/planks.grit" />
		<Unit filename="gfx/block/planks.png" />
		<Unit filename="gfx/block/poppy.grit" />
		<Unit filename="gfx/block/poppy.png" />
		<Unit filename="gfx/block/porkchop.grit" />
		<Unit filename="gfx/block/red_tulip.grit" />
		<Unit filename="gfx/block/red_tulip.png" />
		<Unit filename="gfx/block/sand.grit" />
		<Unit filename="gfx/block/sand.png" />
		<Unit filename="gfx/block/sandstone.grit" />
		<Unit filename="gfx/block/sandstone.png" />
		<Unit filename="gfx/block/selectbtn.grit" />
		<Unit filename="gfx/block/snowy_grass.grit" />
		<Unit filename="gfx/block/snowy_grass.png" />
		<Unit filename="gfx/block/stone.grit" />
		<Unit filename="gfx/block/stone.png" />
		<Unit filename="gfx/entity/pig.grit" />
		<Unit filename="gfx/entity/pig.png" />
		<Unit filename="gfx/entity/pig_damage.grit" />
		<Unit filename="gfx/entity/pig_damage.png" />
		<Unit filename="gfx/font/font_16x16.bmp" />
		<Unit filename="gfx/font/font_16x16.grit" />
		<Unit filename="gfx/font/font_16x16_ru.bmp" />
		<Unit filename="gfx/font/font_16x16_ru.grit" />
		<Unit filename="gfx/font/font_small.bmp" />
		<Unit filename="gfx/font/font_small.grit" />
		<Unit filename="gfx/font/font_small_ru1.bmp" />
		<Unit filename="gfx/font/font_small_ru1.grit" />
		<Unit filename="gfx/gui/abtn.grit" />
		<Unit filename="gfx/gui/abtn.png" />
		<Unit filename="gfx/gui/bbtn.grit" />
		<Unit filename="gfx/gui/bbtn.png" />
		<Unit filename="gfx/gui/coal.grit" />
		<Unit filename="gfx/gui/coal.png" />
		<Unit filename="gfx/gui/cooked_porkchop.grit" />
		<Unit filename="gfx/gui/cooked_porkchop.png" />
		<Unit filename="gfx/gui/dscraft-logo.psd" />
		<Unit filename="gfx/gui/english.grit" />
		<Unit filename="gfx/gui/english.png" />
		<Unit filename="gfx/gui/gray_circle.grit" />
		<Unit filename="gfx/gui/gray_circle.png" />
		<Unit filename="gfx/gui/logo.grit" />
		<Unit filename="gfx/gui/logo.png" />
		<Unit filename="gfx/gui/placeholder_logo.grit" />
		<Unit filename="gfx/gui/placeholder_logo.png" />
		<Unit filename="gfx/gui/russian.grit" />
		<Unit filename="gfx/gui/russian.png" />
		<Unit filename="gfx/gui/selectbtn.grit" />
		<Unit filename="gfx/gui/selectbtn.png" />
		<Unit filename="gfx/gui/world_label.grit" />
		<Unit filename="gfx/gui/world_label.png" />
		<Unit filename="gfx/gui/world_label_select.grit" />
		<Unit filename="gfx/gui/world_label_select.png" />
		<Unit filename="gfx/gui/xbtn.grit" />
		<Unit filename="gfx/gui/xbtn.png" />
		<Unit filename="gfx/gui/ybtn.grit" />
		<Unit filename="gfx/gui/ybtn.png" />
		<Unit filename="gfx/item/apple.grit" />
		<Unit filename="gfx/item/apple.png" />
		<Unit filename="gfx/item/porkchop.grit" />
		<Unit filename="gfx/item/porkchop.png" />
		<Unit filename="gfx/item/stick.grit" />
		<Unit filename="gfx/item/stick.png" />
		<Unit filename="gfx/misc/dirent_games.grit" />
		<Unit filename="gfx/misc/dirent_games.png" />
		<Unit filename="gfx/misc/dummy.grit" />
		<Unit filename="gfx/misc/dummy.png" />
		<Unit filename="gfx/player/aim.grit" />
		<Unit filename="gfx/player/aim.png" />
		<Unit filename="gfx/player/half_heart.grit" />
		<Unit filename="gfx/player/half_heart.png" />
		<Unit filename="gfx/player/half_heart2.grit" />
		<Unit filename="gfx/player/half_heart2.png" />
		<Unit filename="gfx/player/heart_outline.grit" />
		<Unit filename="gfx/player/heart_outline.png" />
		<Unit filename="gfx/player/inventory_slot.grit" />
		<Unit filename="gfx/player/inventory_slot.png" />
		<Unit filename="gfx/player/inventory_slot_select.grit" />
		<Unit filename="gfx/player/inventory_slot_select.png" />
		<Unit filename="gfx/player/placeholder_guy.grit" />
		<Unit filename="gfx/player/placeholder_guy.png" />
		<Unit filename="gfx/player/steve.grit" />
		<Unit filename="gfx/player/steve.png" />
		<Unit filename="gfx/player/steve_body1.grit" />
		<Unit filename="gfx/player/steve_body1.png" />
		<Unit filename="gfx/player/steve_body2.grit" />
		<Unit filename="gfx/player/steve_body2.png" />
		<Unit filename="gfx/player/steve_body3.grit" />
		<Unit filename="gfx/player/steve_body3.png" />
		<Unit filename="gfx/player/steve_head.grit" />
		<Unit filename="gfx/player/steve_head.png" />
		<Unit filename="include/PerlinNoise.hpp">
			<Option target="build" />
		</Unit>
		<Unit filename="include/animsprite.hpp">
			<Option target="build" />
		</Unit>
		<Unit filename="include/block.hpp">
			<Option target="build" />
		</Unit>
		<Unit filename="include/blockparticle.hpp">
			<Option target="build" />
		</Unit>
		<Unit filename="include/camera.h">
			<Option target="build" />
		</Unit>
		<Unit filename="include/crafting.hpp">
			<Option target="build" />
		</Unit>
		<Unit filename="include/defines.h">
			<Option target="build" />
		</Unit>
		<Unit filename="include/entity.hpp">
			<Option target="build" />
		</Unit>
		<Unit filename="include/font.hpp">
			<Option target="build" />
		</Unit>
		<Unit filename="include/fs.h">
			<Option target="build" />
		</Unit>
		<Unit filename="include/gamestate.hpp">
			<Option target="build" />
		</Unit>
		<Unit filename="include/gamever.hpp">
			<Option target="build" />
		</Unit>
		<Unit filename="include/glext.h">
			<Option target="build" />
		</Unit>
		<Unit filename="include/help.hpp">
			<Option target="build" />
		</Unit>
		<Unit filename="include/images.h">
			<Option target="build" />
		</Unit>
		<Unit filename="include/lang.hpp">
			<Option target="build" />
		</Unit>
		<Unit filename="include/player.hpp">
			<Option target="build" />
		</Unit>
		<Unit filename="include/rect.hpp">
			<Option target="build" />
		</Unit>
		<Unit filename="include/save.hpp">
			<Option target="build" />
		</Unit>
		<Unit filename="include/terrain.hpp">
			<Option target="build" />
		</Unit>
		<Unit filename="include/userinfo.h">
			<Option target="build" />
		</Unit>
		<Unit filename="include/uvcoord_font_16x16.h">
			<Option target="build" />
		</Unit>
		<Unit filename="include/uvcoord_font_si.h">
			<Option target="build" />
		</Unit>
		<Unit filename="nitrofs/crafting/birch_door.rcp">
			<Option target="build" />
		</Unit>
		<Unit filename="nitrofs/crafting/birch_planks.rcp">
			<Option target="build" />
		</Unit>
		<Unit filename="nitrofs/crafting/birch_trapdoor.rcp">
			<Option target="build" />
		</Unit>
		<Unit filename="nitrofs/crafting/chest.rcp">
			<Option target="build" />
		</Unit>
		<Unit filename="nitrofs/crafting/coalblock.rcp">
			<Option target="build" />
		</Unit>
		<Unit filename="nitrofs/crafting/cooked_porkchop.rcp">
			<Option target="build" />
		</Unit>
		<Unit filename="nitrofs/crafting/glass.rcp">
			<Option target="build" />
		</Unit>
		<Unit filename="nitrofs/crafting/ladder.rcp">
			<Option target="build" />
		</Unit>
		<Unit filename="nitrofs/crafting/oak_door.rcp">
			<Option target="build" />
		</Unit>
		<Unit filename="nitrofs/crafting/oak_planks.rcp">
			<Option target="build" />
		</Unit>
		<Unit filename="nitrofs/crafting/oak_trapdoor.rcp">
			<Option target="build" />
		</Unit>
		<Unit filename="nitrofs/crafting/sandstone.rcp">
			<Option target="build" />
		</Unit>
		<Unit filename="nitrofs/crafting/stick.rcp">
			<Option target="build" />
		</Unit>
		<Unit filename="nitrofs/crafting/stone.rcp">
			<Option target="build" />
		</Unit>
		<Unit filename="nitrofs/game.ver">
			<Option target="build" />
		</Unit>
		<Unit filename="nitrofs/help/autojump_en.txt">
			<Option target="build" />
		</Unit>
		<Unit filename="nitrofs/help/autojump_ru.txt">
			<Option target="build" />
		</Unit>
		<Unit filename="nitrofs/help/autosave_en.txt">
			<Option target="build" />
		</Unit>
		<Unit filename="nitrofs/help/autosave_ru.txt">
			<Option target="build" />
		</Unit>
		<Unit filename="nitrofs/help/changelang_en.txt">
			<Option target="build" />
		</Unit>
		<Unit filename="nitrofs/help/changelang_ru.txt">
			<Option target="build" />
		</Unit>
		<Unit filename="nitrofs/help/smoothcam_en.txt">
			<Option target="build" />
		</Unit>
		<Unit filename="nitrofs/help/smoothcam_ru.txt">
			<Option target="build" />
		</Unit>
		<Unit filename="nitrofs/help/touchmove_en.txt">
			<Option target="build" />
		</Unit>
		<Unit filename="nitrofs/help/touchmove_ru.txt">
			<Option target="build" />
		</Unit>
		<Unit filename="nitrofs/help/trleaves_en.txt">
			<Option target="build" />
		</Unit>
		<Unit filename="nitrofs/help/trleaves_ru.txt">
			<Option target="build" />
		</Unit>
		<Unit filename="nitrofs/soundbank.bin">
			<Option target="build" />
		</Unit>
		<Unit filename="nitrofs/test.txt">
			<Option target="build" />
		</Unit>
		<Unit filename="source/animsprite.cpp">
			<Option target="build" />
		</Unit>
		<Unit filename="source/block.cpp">
			<Option target="build" />
		</Unit>
		<Unit filename="source/blockparticle.cpp">
			<Option target="build" />
		</Unit>
		<Unit filename="source/crafting.cpp">
			<Option target="build" />
		</Unit>
		<Unit filename="source/entity.cpp">
			<Option target="build" />
		</Unit>
		<Unit filename="source/font.cpp">
			<Option target="build" />
		</Unit>
		<Unit filename="source/fs.c">
			<Option compilerVar="CC" />
			<Option target="build" />
		</Unit>
		<Unit filename="source/gamever.cpp">
			<Option target="build" />
		</Unit>
		<Unit filename="source/glext.c">
			<Option compilerVar="CC" />
			<Option target="build" />
		</Unit>
		<Unit filename="source/help.cpp">
			<Option target="build" />
		</Unit>
		<Unit filename="source/main.cpp">
			<Option target="build" />
		</Unit>
		<Unit filename="source/player.cpp">
			<Option target="build" />
		</Unit>
		<Unit filename="source/rect.cpp">
			<Option target="build" />
		</Unit>
		<Unit filename="source/save.cpp">
			<Option target="build" />
		</Unit>
		<Unit filename="source/terrain.cpp">
			<Option target="build" />
		</Unit>
		<Unit filename="source/userinfo.c">
			<Option compilerVar="CC" />
			<Option target="build" />
		</Unit>
		<Extensions>
			<code_completion>
				<search_path add="/opt/devkitpro/devkitARM/arm-none-eabi/include" />
				<search_path add="/opt/devkitpro/libnds/include" />
			</code_completion>
		</Extensions>
	</Project>
</CodeBlocks_project_file>
